
Microsoft Visual Studio Solution File, Format Version 12.00
# Visual Studio Version 17
VisualStudioVersion = 17.3.32901.215
MinimumVisualStudioVersion = 10.0.40219.1
Project("{FAE04EC0-301F-11D3-BF4B-00C04F79EFBC}") = "Oefening", "Oefening\Oefening.csproj", "{8B56AD22-820D-4EE4-8B8A-CC5FED0BBF8B}"
EndProject
Global
	GlobalSection(SolutionConfigurationPlatforms) = preSolution
		Debug|Any CPU = Debug|Any CPU
		Release|Any CPU = Release|Any CPU
	EndGlobalSection
	GlobalSection(ProjectConfigurationPlatforms) = postSolution
		{8B56AD22-820D-4EE4-8B8A-CC5FED0BBF8B}.Debug|Any CPU.ActiveCfg = Debug|Any CPU
		{8B56AD22-820D-4EE4-8B8A-CC5FED0BBF8B}.Debug|Any CPU.Build.0 = Debug|Any CPU
		{8B56AD22-820D-4EE4-8B8A-CC5FED0BBF8B}.Release|Any CPU.ActiveCfg = Release|Any CPU
		{8B56AD22-820D-4EE4-8B8A-CC5FED0BBF8B}.Release|Any CPU.Build.0 = Release|Any CPU
	EndGlobalSection
	GlobalSection(SolutionProperties) = preSolution
		HideSolutionNode = FALSE
	EndGlobalSection
	GlobalSection(ExtensibilityGlobals) = postSolution
		SolutionGuid = {C13A04D0-D6EA-4170-85E4-58726AB4347B}
	EndGlobalSection
EndGlobal
